github.com/Andrewnplus/nplus-book-core v1.0.0 h1:T85woczJ3uWPcyChOfFgP5TdtyT3oPScJEm9+7htdho=
github.com/Andrewnplus/nplus-book-core v1.0.0/go.mod h1:GkSlNdru+3dbM+7+Vkm/9fBpuKr4nlP2hFfmUrReeaY=
github.com/alex-shpak/hugo-book v0.0.0-20250428224046-9405c4c3d7c7 h1:jD6Fris8nDfS/RQcC3J0IfMxeU9YALMU24T+3YSVfXg=
github.com/alex-shpak/hugo-book v0.0.0-20250428224046-9405c4c3d7c7/go.mod h1:L4NMyzbn15fpLIpmmtDg9ZFFyTZzw87/lk7M2bMQ7ds=
github.com/alex-shpak/hugo-book v0.0.0-20260108111751-81a841c92d62 h1:LQYO67RaSBiWnW3ZPyVPZCVTOFaNK/dc/ZRbh8Wu8Wo=
github.com/alex-shpak/hugo-book v0.0.0-20260108111751-81a841c92d62/go.mod h1:L4NMyzbn15fpLIpmmtDg9ZFFyTZzw87/lk7M2bMQ7ds=
